
Microsoft Visual Studio Solution File, Format Version 12.00
# Visual Studio 2013
VisualStudioVersion = 12.0.21005.1
MinimumVisualStudioVersion = 10.0.40219.1
Project("{FAE04EC0-301F-11D3-BF4B-00C04F79EFBC}") = "Template", "Template\Template.csproj", "{7F27BD8B-1171-4056-9190-B2B98B2A8CD9}"
EndProject
Global
	GlobalSection(SolutionConfigurationPlatforms) = preSolution
		Debug|Any CPU = Debug|Any CPU
		Release|Any CPU = Release|Any CPU
	EndGlobalSection
	GlobalSection(ProjectConfigurationPlatforms) = postSolution
		{7F27BD8B-1171-4056-9190-B2B98B2A8CD9}.Debug|Any CPU.ActiveCfg = Debug|Any CPU
		{7F27BD8B-1171-4056-9190-B2B98B2A8CD9}.Debug|Any CPU.Build.0 = Debug|Any CPU
		{7F27BD8B-1171-4056-9190-B2B98B2A8CD9}.Release|Any CPU.ActiveCfg = Release|Any CPU
		{7F27BD8B-1171-4056-9190-B2B98B2A8CD9}.Release|Any CPU.Build.0 = Release|Any CPU
	EndGlobalSection
	GlobalSection(SolutionProperties) = preSolution
		HideSolutionNode = FALSE
	EndGlobalSection
	GlobalSection(ExtensibilityGlobals) = postSolution
		SolutionGuid = {D750A460-E5C6-4FDE-A6C3-CF3E4A7886FE}
	EndGlobalSection
EndGlobal
